
Microsoft Visual Studio Solution File, Format Version 12.00
# Visual Studio Version 17
VisualStudioVersion = 17.14.36915.13 d17.14
MinimumVisualStudioVersion = 10.0.40219.1
Project("{FAE04EC0-301F-11D3-BF4B-00C04F79EFBC}") = "Vehicles", "Vehicles\Vehicles.csproj", "{F1116504-2466-48D2-9546-F5142078CFFD}"
EndProject
Project("{FAE04EC0-301F-11D3-BF4B-00C04F79EFBC}") = "Shapes", "Shapes\Shapes.csproj", "{BFE669DB-D382-4752-9E3C-AAA56BDC12E0}"
EndProject
Global
	GlobalSection(SolutionConfigurationPlatforms) = preSolution
		Debug|Any CPU = Debug|Any CPU
		Release|Any CPU = Release|Any CPU
	EndGlobalSection
	GlobalSection(ProjectConfigurationPlatforms) = postSolution
		{F1116504-2466-48D2-9546-F5142078CFFD}.Debug|Any CPU.ActiveCfg = Debug|Any CPU
		{F1116504-2466-48D2-9546-F5142078CFFD}.Debug|Any CPU.Build.0 = Debug|Any CPU
		{F1116504-2466-48D2-9546-F5142078CFFD}.Release|Any CPU.ActiveCfg = Release|Any CPU
		{F1116504-2466-48D2-9546-F5142078CFFD}.Release|Any CPU.Build.0 = Release|Any CPU
		{BFE669DB-D382-4752-9E3C-AAA56BDC12E0}.Debug|Any CPU.ActiveCfg = Debug|Any CPU
		{BFE669DB-D382-4752-9E3C-AAA56BDC12E0}.Debug|Any CPU.Build.0 = Debug|Any CPU
		{BFE669DB-D382-4752-9E3C-AAA56BDC12E0}.Release|Any CPU.ActiveCfg = Release|Any CPU
		{BFE669DB-D382-4752-9E3C-AAA56BDC12E0}.Release|Any CPU.Build.0 = Release|Any CPU
	EndGlobalSection
	GlobalSection(SolutionProperties) = preSolution
		HideSolutionNode = FALSE
	EndGlobalSection
	GlobalSection(ExtensibilityGlobals) = postSolution
		SolutionGuid = {42A88D0A-EFF8-4C0A-9697-4ABC9689AF7D}
	EndGlobalSection
EndGlobal
